{
    "_readme": [
        "This file locks the dependencies of your project to a known state",
        "Read more about it at https://getcomposer.org/doc/01-basic-usage.md#composer-lock-the-lock-file",
        "This file is @generated automatically"
    ],
    "hash": "952b19d74a3d6264b0423aecdf5d6e90",
    "content-hash": "f7328799130964b18fdac81c671c5f3a",
    "packages": [
        {
            "name": "oxygenna/oxygenna-ant-theme-build",
            "version": "dev-master",
            "source": {
                "type": "git",
                "url": "git@bitbucket.org:oxygenna/oxygenna-ant-theme-build.git",
                "reference": "45d526901547a5f3ced8d359dfccb6082271367f"
            },
            "type": "library",
            "extra": {
                "branch-alias": {
                    "dev-master": "1.0.x-dev"
                }
            },
            "license": [
                "ThemeForest"
            ],
            "authors": [
                {
                    "name": "John Langan",
                    "email": "john.langan@oxygenna.com"
                }
            ],
            "description": "Oxygenna's Theme Builder",
            "time": "2016-05-05 14:09:43"
        }
    ],
    "packages-dev": [],
    "aliases": [],
    "minimum-stability": "dev",
    "stability-flags": [],
    "prefer-stable": false,
    "prefer-lowest": false,
    "platform": [],
    "platform-dev": []
}
